
Microsoft Visual Studio Solution File, Format Version 12.00
# Visual Studio Version 16
VisualStudioVersion = 16.0.29123.88
MinimumVisualStudioVersion = 10.0.40219.1
Project("{FAE04EC0-301F-11D3-BF4B-00C04F79EFBC}") = "ISD_Struct", "ISD_Struct\ISD_Struct.csproj", "{925649F3-5425-4414-8EF8-7AF7B0F6F838}"
EndProject
Global
	GlobalSection(SolutionConfigurationPlatforms) = preSolution
		Debug|Any CPU = Debug|Any CPU
		Release|Any CPU = Release|Any CPU
	EndGlobalSection
	GlobalSection(ProjectConfigurationPlatforms) = postSolution
		{925649F3-5425-4414-8EF8-7AF7B0F6F838}.Debug|Any CPU.ActiveCfg = Debug|Any CPU
		{925649F3-5425-4414-8EF8-7AF7B0F6F838}.Debug|Any CPU.Build.0 = Debug|Any CPU
		{925649F3-5425-4414-8EF8-7AF7B0F6F838}.Release|Any CPU.ActiveCfg = Release|Any CPU
		{925649F3-5425-4414-8EF8-7AF7B0F6F838}.Release|Any CPU.Build.0 = Release|Any CPU
	EndGlobalSection
	GlobalSection(SolutionProperties) = preSolution
		HideSolutionNode = FALSE
	EndGlobalSection
	GlobalSection(ExtensibilityGlobals) = postSolution
		SolutionGuid = {8639B1B0-5B40-44F4-8BBE-41D8E94FFED1}
	EndGlobalSection
EndGlobal
