
Microsoft Visual Studio Solution File, Format Version 12.00
# Visual Studio Version 16
VisualStudioVersion = 16.0.29123.88
MinimumVisualStudioVersion = 10.0.40219.1
Project("{FAE04EC0-301F-11D3-BF4B-00C04F79EFBC}") = "ISD_Generics", "ISD_Generics\ISD_Generics.csproj", "{4156D766-7F85-446B-BAC4-4F4730F11CE7}"
EndProject
Global
	GlobalSection(SolutionConfigurationPlatforms) = preSolution
		Debug|Any CPU = Debug|Any CPU
		Release|Any CPU = Release|Any CPU
	EndGlobalSection
	GlobalSection(ProjectConfigurationPlatforms) = postSolution
		{4156D766-7F85-446B-BAC4-4F4730F11CE7}.Debug|Any CPU.ActiveCfg = Debug|Any CPU
		{4156D766-7F85-446B-BAC4-4F4730F11CE7}.Debug|Any CPU.Build.0 = Debug|Any CPU
		{4156D766-7F85-446B-BAC4-4F4730F11CE7}.Release|Any CPU.ActiveCfg = Release|Any CPU
		{4156D766-7F85-446B-BAC4-4F4730F11CE7}.Release|Any CPU.Build.0 = Release|Any CPU
	EndGlobalSection
	GlobalSection(SolutionProperties) = preSolution
		HideSolutionNode = FALSE
	EndGlobalSection
	GlobalSection(ExtensibilityGlobals) = postSolution
		SolutionGuid = {B54DD0B4-83E7-49AC-91E7-86DA3B97E297}
	EndGlobalSection
EndGlobal
